
Microsoft Visual Studio Solution File, Format Version 12.00
# Visual Studio 14
VisualStudioVersion = 14.0.23107.0
MinimumVisualStudioVersion = 10.0.40219.1
Project("{FAE04EC0-301F-11D3-BF4B-00C04F79EFBC}") = "MVCMusicStore", "MVCMusicStore\MVCMusicStore.csproj", "{A3F91EA8-8722-4689-AB0C-7993A0D920A3}"
EndProject
Project("{FAE04EC0-301F-11D3-BF4B-00C04F79EFBC}") = "MVCMusicStore.Tests", "MVCMusicStore.Tests\MVCMusicStore.Tests.csproj", "{B43AC5C4-8646-4159-9B60-C6AADA46E170}"
EndProject
Global
	GlobalSection(SolutionConfigurationPlatforms) = preSolution
		Debug|Any CPU = Debug|Any CPU
		Release|Any CPU = Release|Any CPU
	EndGlobalSection
	GlobalSection(ProjectConfigurationPlatforms) = postSolution
		{A3F91EA8-8722-4689-AB0C-7993A0D920A3}.Debug|Any CPU.ActiveCfg = Debug|Any CPU
		{A3F91EA8-8722-4689-AB0C-7993A0D920A3}.Debug|Any CPU.Build.0 = Debug|Any CPU
		{A3F91EA8-8722-4689-AB0C-7993A0D920A3}.Release|Any CPU.ActiveCfg = Release|Any CPU
		{A3F91EA8-8722-4689-AB0C-7993A0D920A3}.Release|Any CPU.Build.0 = Release|Any CPU
		{B43AC5C4-8646-4159-9B60-C6AADA46E170}.Debug|Any CPU.ActiveCfg = Debug|Any CPU
		{B43AC5C4-8646-4159-9B60-C6AADA46E170}.Debug|Any CPU.Build.0 = Debug|Any CPU
		{B43AC5C4-8646-4159-9B60-C6AADA46E170}.Release|Any CPU.ActiveCfg = Release|Any CPU
		{B43AC5C4-8646-4159-9B60-C6AADA46E170}.Release|Any CPU.Build.0 = Release|Any CPU
	EndGlobalSection
	GlobalSection(SolutionProperties) = preSolution
		HideSolutionNode = FALSE
	EndGlobalSection
EndGlobal
